
Microsoft Visual Studio Solution File, Format Version 12.00
# Visual Studio Version 16
VisualStudioVersion = 16.0.30711.63
MinimumVisualStudioVersion = 10.0.40219.1
Project("{FAE04EC0-301F-11D3-BF4B-00C04F79EFBC}") = "EquationSolver", "EquationSolver.csproj", "{6720C11E-250D-4DD8-A816-0A6FE3549D41}"
EndProject
Global
	GlobalSection(SolutionConfigurationPlatforms) = preSolution
		Debug|Any CPU = Debug|Any CPU
		Release|Any CPU = Release|Any CPU
	EndGlobalSection
	GlobalSection(ProjectConfigurationPlatforms) = postSolution
		{6720C11E-250D-4DD8-A816-0A6FE3549D41}.Debug|Any CPU.ActiveCfg = Debug|Any CPU
		{6720C11E-250D-4DD8-A816-0A6FE3549D41}.Debug|Any CPU.Build.0 = Debug|Any CPU
		{6720C11E-250D-4DD8-A816-0A6FE3549D41}.Release|Any CPU.ActiveCfg = Release|Any CPU
		{6720C11E-250D-4DD8-A816-0A6FE3549D41}.Release|Any CPU.Build.0 = Release|Any CPU
	EndGlobalSection
	GlobalSection(SolutionProperties) = preSolution
		HideSolutionNode = FALSE
	EndGlobalSection
	GlobalSection(ExtensibilityGlobals) = postSolution
		SolutionGuid = {6FE16369-D3F5-4EBF-8751-C54FE344DF0B}
	EndGlobalSection
EndGlobal
